
Microsoft Visual Studio Solution File, Format Version 12.00
# Visual Studio Version 17
VisualStudioVersion = 17.9.34728.123
MinimumVisualStudioVersion = 10.0.40219.1
Project("{9A19103F-16F7-4668-BE54-9A1E7A4F7556}") = "Aspekt", "Aspekt\Aspekt.csproj", "{6CA7870A-3C71-47C5-A0BB-8C0463E7F88E}"
EndProject
Project("{9A19103F-16F7-4668-BE54-9A1E7A4F7556}") = "ArchitectureTests", "ArchitectureTests\ArchitectureTests.csproj", "{D657B570-8729-45B9-85FC-9A08E8E1B4E3}"
EndProject
Project("{9A19103F-16F7-4668-BE54-9A1E7A4F7556}") = "UnitTests", "UnitTests\UnitTests.csproj", "{27969E24-1515-4469-9C19-D3A885C59458}"
EndProject
Project("{FAE04EC0-301F-11D3-BF4B-00C04F79EFBC}") = "IntegrationTests", "IntegrationTests\IntegrationTests.csproj", "{3C534806-4BB8-4EB2-83FB-79FE3D7AFB89}"
EndProject
Global
	GlobalSection(SolutionConfigurationPlatforms) = preSolution
		Debug|Any CPU = Debug|Any CPU
		Release|Any CPU = Release|Any CPU
	EndGlobalSection
	GlobalSection(ProjectConfigurationPlatforms) = postSolution
		{6CA7870A-3C71-47C5-A0BB-8C0463E7F88E}.Debug|Any CPU.ActiveCfg = Debug|Any CPU
		{6CA7870A-3C71-47C5-A0BB-8C0463E7F88E}.Debug|Any CPU.Build.0 = Debug|Any CPU
		{6CA7870A-3C71-47C5-A0BB-8C0463E7F88E}.Release|Any CPU.ActiveCfg = Release|Any CPU
		{6CA7870A-3C71-47C5-A0BB-8C0463E7F88E}.Release|Any CPU.Build.0 = Release|Any CPU
		{D657B570-8729-45B9-85FC-9A08E8E1B4E3}.Debug|Any CPU.ActiveCfg = Debug|Any CPU
		{D657B570-8729-45B9-85FC-9A08E8E1B4E3}.Debug|Any CPU.Build.0 = Debug|Any CPU
		{D657B570-8729-45B9-85FC-9A08E8E1B4E3}.Release|Any CPU.ActiveCfg = Release|Any CPU
		{D657B570-8729-45B9-85FC-9A08E8E1B4E3}.Release|Any CPU.Build.0 = Release|Any CPU
		{27969E24-1515-4469-9C19-D3A885C59458}.Debug|Any CPU.ActiveCfg = Debug|Any CPU
		{27969E24-1515-4469-9C19-D3A885C59458}.Debug|Any CPU.Build.0 = Debug|Any CPU
		{27969E24-1515-4469-9C19-D3A885C59458}.Release|Any CPU.ActiveCfg = Release|Any CPU
		{27969E24-1515-4469-9C19-D3A885C59458}.Release|Any CPU.Build.0 = Release|Any CPU
		{3C534806-4BB8-4EB2-83FB-79FE3D7AFB89}.Debug|Any CPU.ActiveCfg = Debug|Any CPU
		{3C534806-4BB8-4EB2-83FB-79FE3D7AFB89}.Debug|Any CPU.Build.0 = Debug|Any CPU
		{3C534806-4BB8-4EB2-83FB-79FE3D7AFB89}.Release|Any CPU.ActiveCfg = Release|Any CPU
		{3C534806-4BB8-4EB2-83FB-79FE3D7AFB89}.Release|Any CPU.Build.0 = Release|Any CPU
	EndGlobalSection
	GlobalSection(SolutionProperties) = preSolution
		HideSolutionNode = FALSE
	EndGlobalSection
	GlobalSection(ExtensibilityGlobals) = postSolution
		SolutionGuid = {A8DE6E21-A3DE-4ECB-A279-5FC054B1EC7B}
	EndGlobalSection
EndGlobal
